{
    "_readme": [
        "This file locks the dependencies of your project to a known state",
        "Read more about it at https://getcomposer.org/doc/01-basic-usage.md#installing-dependencies",
        "This file is @generated automatically"
    ],
    "content-hash": "b1a484a7d94a5f867308de5428cfc628",
    "packages": [
        {
            "name": "mdibella-dev/wordpress-helper",
            "version": "dev-main",
            "source": {
                "type": "git",
                "url": "https://github.com/mdibella-dev/wordpress-helper.git",
                "reference": "de42ee74f3cf47213bf88b2d413b9233ab5fa84c"
            },
            "dist": {
                "type": "zip",
                "url": "https://api.github.com/repos/mdibella-dev/wordpress-helper/zipball/de42ee74f3cf47213bf88b2d413b9233ab5fa84c",
                "reference": "de42ee74f3cf47213bf88b2d413b9233ab5fa84c",
                "shasum": ""
            },
            "default-branch": true,
            "type": "library",
            "autoload": {
                "psr-4": {
                    "WordPress_Helper\\": "includes/"
                }
            },
            "license": [
                "MIT"
            ],
            "authors": [
                {
                    "name": "Marco Di Bella",
                    "homepage": "https://www.marcodibella.de",
                    "role": "Developer"
                }
            ],
            "description": "WordPress Helper is a Composer repository which provides few helper classes to simplify the development of WordPress plugins.",
            "keywords": [
                "composer",
                "repository",
                "wordpress"
            ],
            "support": {
                "source": "https://github.com/mdibella-dev/wordpress-helper/tree/main",
                "issues": "https://github.com/mdibella-dev/wordpress-helper/issues"
            },
            "time": "2025-11-03T20:07:47+00:00"
        }
    ],
    "packages-dev": [],
    "aliases": [],
    "minimum-stability": "stable",
    "stability-flags": {
        "mdibella-dev/wordpress-helper": 20
    },
    "prefer-stable": false,
    "prefer-lowest": false,
    "platform": [],
    "platform-dev": [],
    "plugin-api-version": "2.6.0"
}
